
Microsoft Visual Studio Solution File, Format Version 12.00
# Visual Studio Version 16
VisualStudioVersion = 16.0.36107.64
MinimumVisualStudioVersion = 10.0.40219.1
Project("{FAE04EC0-301F-11D3-BF4B-00C04F79EFBC}") = "ExcelDataToTextTool", "ExcelNpoiDotLiquidGenerator\ExcelDataToTextTool.csproj", "{D4BCE1D0-9851-4EC0-832A-14C4C324E0DE}"
EndProject
Global
	GlobalSection(SolutionConfigurationPlatforms) = preSolution
		Debug|Any CPU = Debug|Any CPU
		Release|Any CPU = Release|Any CPU
	EndGlobalSection
	GlobalSection(ProjectConfigurationPlatforms) = postSolution
		{D4BCE1D0-9851-4EC0-832A-14C4C324E0DE}.Debug|Any CPU.ActiveCfg = Debug|Any CPU
		{D4BCE1D0-9851-4EC0-832A-14C4C324E0DE}.Debug|Any CPU.Build.0 = Debug|Any CPU
		{D4BCE1D0-9851-4EC0-832A-14C4C324E0DE}.Release|Any CPU.ActiveCfg = Release|Any CPU
		{D4BCE1D0-9851-4EC0-832A-14C4C324E0DE}.Release|Any CPU.Build.0 = Release|Any CPU
	EndGlobalSection
	GlobalSection(SolutionProperties) = preSolution
		HideSolutionNode = FALSE
	EndGlobalSection
	GlobalSection(ExtensibilityGlobals) = postSolution
		SolutionGuid = {DD5D3EBB-B66D-41B4-847B-FA25F62DC20A}
	EndGlobalSection
EndGlobal
